
Microsoft Visual Studio Solution File, Format Version 12.00
# Visual Studio 15
VisualStudioVersion = 15.0.26730.16
MinimumVisualStudioVersion = 10.0.40219.1
Project("{FAE04EC0-301F-11D3-BF4B-00C04F79EFBC}") = "MedicalEquipmentSystem", "MedicalEquipmentSystem\MedicalEquipmentSystem.csproj", "{1B628932-4A03-4983-B926-A262C17592B3}"
EndProject
Global
	GlobalSection(SolutionConfigurationPlatforms) = preSolution
		Debug|Any CPU = Debug|Any CPU
		Release|Any CPU = Release|Any CPU
	EndGlobalSection
	GlobalSection(ProjectConfigurationPlatforms) = postSolution
		{1B628932-4A03-4983-B926-A262C17592B3}.Debug|Any CPU.ActiveCfg = Debug|Any CPU
		{1B628932-4A03-4983-B926-A262C17592B3}.Debug|Any CPU.Build.0 = Debug|Any CPU
		{1B628932-4A03-4983-B926-A262C17592B3}.Release|Any CPU.ActiveCfg = Release|Any CPU
		{1B628932-4A03-4983-B926-A262C17592B3}.Release|Any CPU.Build.0 = Release|Any CPU
	EndGlobalSection
	GlobalSection(SolutionProperties) = preSolution
		HideSolutionNode = FALSE
	EndGlobalSection
	GlobalSection(ExtensibilityGlobals) = postSolution
		SolutionGuid = {E38F3AA4-1CF2-4C94-9CDD-646111AF59B1}
	EndGlobalSection
EndGlobal
